
Microsoft Visual Studio Solution File, Format Version 12.00
# Visual Studio Express 2012 for Windows Desktop
Project("{8BC9CEB8-8B4A-11D0-8D11-00A0C91BC942}") = "20160913", "20160913\20160913.vcxproj", "{590CE337-4670-4CD7-B31A-BD59794E3F09}"
EndProject
Project("{8BC9CEB8-8B4A-11D0-8D11-00A0C91BC942}") = "20160913-1", "20160913-1\20160913-1.vcxproj", "{CAE4AB6E-D780-4E79-8FAB-A8A85B86DE30}"
EndProject
Project("{8BC9CEB8-8B4A-11D0-8D11-00A0C91BC942}") = "20160913-2", "20160913-2\20160913-2.vcxproj", "{2BD68879-0E0D-4905-A1CD-8083E875FA46}"
EndProject
Project("{8BC9CEB8-8B4A-11D0-8D11-00A0C91BC942}") = "20160920controlflow", "20160920\20160920.vcxproj", "{8E2C6CFE-3D84-42DB-90D7-F80B6A8C453B}"
EndProject
Project("{8BC9CEB8-8B4A-11D0-8D11-00A0C91BC942}") = "20160927Euclide", "20160927\20160927.vcxproj", "{C146831F-D758-44DE-AB51-7C9A6EA6CFDF}"
EndProject
Project("{8BC9CEB8-8B4A-11D0-8D11-00A0C91BC942}") = "HW1Fibonacci", "HW1Fibonacci\HW1Fibonacci.vcxproj", "{9186355B-5F1F-40DE-9740-82184BF57A62}"
EndProject
Project("{8BC9CEB8-8B4A-11D0-8D11-00A0C91BC942}") = "20161004Function", "20161004\20161004.vcxproj", "{E4C6B06F-FFC6-4993-9786-89195B27953E}"
EndProject
Project("{8BC9CEB8-8B4A-11D0-8D11-00A0C91BC942}") = "frame", "frame\frame.vcxproj", "{56F74A49-D257-462D-B0B6-248B060977FF}"
EndProject
Project("{8BC9CEB8-8B4A-11D0-8D11-00A0C91BC942}") = "20161011함수연습", "20161011\20161011.vcxproj", "{92D827B8-259D-4E00-ADAD-F860FA2E505C}"
EndProject
Project("{8BC9CEB8-8B4A-11D0-8D11-00A0C91BC942}") = "20161018Array", "20161018\20161018.vcxproj", "{BD70D701-9CEE-481A-9175-FC5FB0124B9D}"
EndProject
Project("{8BC9CEB8-8B4A-11D0-8D11-00A0C91BC942}") = "20161025Sorting", "20161025Array\20161025Array.vcxproj", "{CB74E4B8-7A1D-4C85-B1F7-5FEE9806F100}"
EndProject
Project("{8BC9CEB8-8B4A-11D0-8D11-00A0C91BC942}") = "20161101String", "20161101\20161101.vcxproj", "{57798564-5545-4BE4-AD64-842F728D2215}"
EndProject
Project("{8BC9CEB8-8B4A-11D0-8D11-00A0C91BC942}") = "20161108Structure", "20161108String\20161108String.vcxproj", "{9F47310E-CF12-49A7-A431-08AC15F61CD1}"
EndProject
Project("{8BC9CEB8-8B4A-11D0-8D11-00A0C91BC942}") = "HW2", "HW2\HW2.vcxproj", "{A1146A11-381B-4A0F-AE1E-8CFA2FF71358}"
EndProject
Project("{8BC9CEB8-8B4A-11D0-8D11-00A0C91BC942}") = "20161115Malloc", "20161115\20161115.vcxproj", "{F485FF80-E2E9-43E5-89AD-32A530FD0F26}"
EndProject
Project("{8BC9CEB8-8B4A-11D0-8D11-00A0C91BC942}") = "20161129LinkedList", "20161129LinkedList\20161129LinkedList.vcxproj", "{BA58EB7E-319F-4BE8-A06A-466BE64B0B13}"
EndProject
Project("{8BC9CEB8-8B4A-11D0-8D11-00A0C91BC942}") = "20161206LinkedList", "20161206LinkedList\20161206LinkedList.vcxproj", "{2C5D91D5-395E-4F5A-8BEB-A2D94A126668}"
EndProject
Project("{8BC9CEB8-8B4A-11D0-8D11-00A0C91BC942}") = "20161213", "20161213\20161213.vcxproj", "{01732E2B-DCE1-4790-956B-BD5146F5C7EE}"
EndProject
Global
	GlobalSection(SolutionConfigurationPlatforms) = preSolution
		Debug|Win32 = Debug|Win32
		Release|Win32 = Release|Win32
	EndGlobalSection
	GlobalSection(ProjectConfigurationPlatforms) = postSolution
		{590CE337-4670-4CD7-B31A-BD59794E3F09}.Debug|Win32.ActiveCfg = Debug|Win32
		{590CE337-4670-4CD7-B31A-BD59794E3F09}.Debug|Win32.Build.0 = Debug|Win32
		{590CE337-4670-4CD7-B31A-BD59794E3F09}.Release|Win32.ActiveCfg = Release|Win32
		{590CE337-4670-4CD7-B31A-BD59794E3F09}.Release|Win32.Build.0 = Release|Win32
		{CAE4AB6E-D780-4E79-8FAB-A8A85B86DE30}.Debug|Win32.ActiveCfg = Debug|Win32
		{CAE4AB6E-D780-4E79-8FAB-A8A85B86DE30}.Debug|Win32.Build.0 = Debug|Win32
		{CAE4AB6E-D780-4E79-8FAB-A8A85B86DE30}.Release|Win32.ActiveCfg = Release|Win32
		{CAE4AB6E-D780-4E79-8FAB-A8A85B86DE30}.Release|Win32.Build.0 = Release|Win32
		{2BD68879-0E0D-4905-A1CD-8083E875FA46}.Debug|Win32.ActiveCfg = Debug|Win32
		{2BD68879-0E0D-4905-A1CD-8083E875FA46}.Debug|Win32.Build.0 = Debug|Win32
		{2BD68879-0E0D-4905-A1CD-8083E875FA46}.Release|Win32.ActiveCfg = Release|Win32
		{2BD68879-0E0D-4905-A1CD-8083E875FA46}.Release|Win32.Build.0 = Release|Win32
		{8E2C6CFE-3D84-42DB-90D7-F80B6A8C453B}.Debug|Win32.ActiveCfg = Debug|Win32
		{8E2C6CFE-3D84-42DB-90D7-F80B6A8C453B}.Debug|Win32.Build.0 = Debug|Win32
		{8E2C6CFE-3D84-42DB-90D7-F80B6A8C453B}.Release|Win32.ActiveCfg = Release|Win32
		{8E2C6CFE-3D84-42DB-90D7-F80B6A8C453B}.Release|Win32.Build.0 = Release|Win32
		{C146831F-D758-44DE-AB51-7C9A6EA6CFDF}.Debug|Win32.ActiveCfg = Debug|Win32
		{C146831F-D758-44DE-AB51-7C9A6EA6CFDF}.Debug|Win32.Build.0 = Debug|Win32
		{C146831F-D758-44DE-AB51-7C9A6EA6CFDF}.Release|Win32.ActiveCfg = Release|Win32
		{C146831F-D758-44DE-AB51-7C9A6EA6CFDF}.Release|Win32.Build.0 = Release|Win32
		{9186355B-5F1F-40DE-9740-82184BF57A62}.Debug|Win32.ActiveCfg = Debug|Win32
		{9186355B-5F1F-40DE-9740-82184BF57A62}.Debug|Win32.Build.0 = Debug|Win32
		{9186355B-5F1F-40DE-9740-82184BF57A62}.Release|Win32.ActiveCfg = Release|Win32
		{9186355B-5F1F-40DE-9740-82184BF57A62}.Release|Win32.Build.0 = Release|Win32
		{E4C6B06F-FFC6-4993-9786-89195B27953E}.Debug|Win32.ActiveCfg = Debug|Win32
		{E4C6B06F-FFC6-4993-9786-89195B27953E}.Debug|Win32.Build.0 = Debug|Win32
		{E4C6B06F-FFC6-4993-9786-89195B27953E}.Release|Win32.ActiveCfg = Release|Win32
		{E4C6B06F-FFC6-4993-9786-89195B27953E}.Release|Win32.Build.0 = Release|Win32
		{56F74A49-D257-462D-B0B6-248B060977FF}.Debug|Win32.ActiveCfg = Debug|Win32
		{56F74A49-D257-462D-B0B6-248B060977FF}.Debug|Win32.Build.0 = Debug|Win32
		{56F74A49-D257-462D-B0B6-248B060977FF}.Release|Win32.ActiveCfg = Release|Win32
		{56F74A49-D257-462D-B0B6-248B060977FF}.Release|Win32.Build.0 = Release|Win32
		{92D827B8-259D-4E00-ADAD-F860FA2E505C}.Debug|Win32.ActiveCfg = Debug|Win32
		{92D827B8-259D-4E00-ADAD-F860FA2E505C}.Debug|Win32.Build.0 = Debug|Win32
		{92D827B8-259D-4E00-ADAD-F860FA2E505C}.Release|Win32.ActiveCfg = Release|Win32
		{92D827B8-259D-4E00-ADAD-F860FA2E505C}.Release|Win32.Build.0 = Release|Win32
		{BD70D701-9CEE-481A-9175-FC5FB0124B9D}.Debug|Win32.ActiveCfg = Debug|Win32
		{BD70D701-9CEE-481A-9175-FC5FB0124B9D}.Debug|Win32.Build.0 = Debug|Win32
		{BD70D701-9CEE-481A-9175-FC5FB0124B9D}.Release|Win32.ActiveCfg = Release|Win32
		{BD70D701-9CEE-481A-9175-FC5FB0124B9D}.Release|Win32.Build.0 = Release|Win32
		{CB74E4B8-7A1D-4C85-B1F7-5FEE9806F100}.Debug|Win32.ActiveCfg = Debug|Win32
		{CB74E4B8-7A1D-4C85-B1F7-5FEE9806F100}.Debug|Win32.Build.0 = Debug|Win32
		{CB74E4B8-7A1D-4C85-B1F7-5FEE9806F100}.Release|Win32.ActiveCfg = Release|Win32
		{CB74E4B8-7A1D-4C85-B1F7-5FEE9806F100}.Release|Win32.Build.0 = Release|Win32
		{57798564-5545-4BE4-AD64-842F728D2215}.Debug|Win32.ActiveCfg = Debug|Win32
		{57798564-5545-4BE4-AD64-842F728D2215}.Debug|Win32.Build.0 = Debug|Win32
		{57798564-5545-4BE4-AD64-842F728D2215}.Release|Win32.ActiveCfg = Release|Win32
		{57798564-5545-4BE4-AD64-842F728D2215}.Release|Win32.Build.0 = Release|Win32
		{9F47310E-CF12-49A7-A431-08AC15F61CD1}.Debug|Win32.ActiveCfg = Debug|Win32
		{9F47310E-CF12-49A7-A431-08AC15F61CD1}.Debug|Win32.Build.0 = Debug|Win32
		{9F47310E-CF12-49A7-A431-08AC15F61CD1}.Release|Win32.ActiveCfg = Release|Win32
		{9F47310E-CF12-49A7-A431-08AC15F61CD1}.Release|Win32.Build.0 = Release|Win32
		{A1146A11-381B-4A0F-AE1E-8CFA2FF71358}.Debug|Win32.ActiveCfg = Debug|Win32
		{A1146A11-381B-4A0F-AE1E-8CFA2FF71358}.Debug|Win32.Build.0 = Debug|Win32
		{A1146A11-381B-4A0F-AE1E-8CFA2FF71358}.Release|Win32.ActiveCfg = Release|Win32
		{A1146A11-381B-4A0F-AE1E-8CFA2FF71358}.Release|Win32.Build.0 = Release|Win32
		{F485FF80-E2E9-43E5-89AD-32A530FD0F26}.Debug|Win32.ActiveCfg = Debug|Win32
		{F485FF80-E2E9-43E5-89AD-32A530FD0F26}.Debug|Win32.Build.0 = Debug|Win32
		{F485FF80-E2E9-43E5-89AD-32A530FD0F26}.Release|Win32.ActiveCfg = Release|Win32
		{F485FF80-E2E9-43E5-89AD-32A530FD0F26}.Release|Win32.Build.0 = Release|Win32
		{BA58EB7E-319F-4BE8-A06A-466BE64B0B13}.Debug|Win32.ActiveCfg = Debug|Win32
		{BA58EB7E-319F-4BE8-A06A-466BE64B0B13}.Debug|Win32.Build.0 = Debug|Win32
		{BA58EB7E-319F-4BE8-A06A-466BE64B0B13}.Release|Win32.ActiveCfg = Release|Win32
		{BA58EB7E-319F-4BE8-A06A-466BE64B0B13}.Release|Win32.Build.0 = Release|Win32
		{2C5D91D5-395E-4F5A-8BEB-A2D94A126668}.Debug|Win32.ActiveCfg = Debug|Win32
		{2C5D91D5-395E-4F5A-8BEB-A2D94A126668}.Debug|Win32.Build.0 = Debug|Win32
		{2C5D91D5-395E-4F5A-8BEB-A2D94A126668}.Release|Win32.ActiveCfg = Release|Win32
		{2C5D91D5-395E-4F5A-8BEB-A2D94A126668}.Release|Win32.Build.0 = Release|Win32
		{01732E2B-DCE1-4790-956B-BD5146F5C7EE}.Debug|Win32.ActiveCfg = Debug|Win32
		{01732E2B-DCE1-4790-956B-BD5146F5C7EE}.Debug|Win32.Build.0 = Debug|Win32
		{01732E2B-DCE1-4790-956B-BD5146F5C7EE}.Release|Win32.ActiveCfg = Release|Win32
		{01732E2B-DCE1-4790-956B-BD5146F5C7EE}.Release|Win32.Build.0 = Release|Win32
	EndGlobalSection
	GlobalSection(SolutionProperties) = preSolution
		HideSolutionNode = FALSE
	EndGlobalSection
EndGlobal
